
Microsoft Visual Studio Solution File, Format Version 12.00
# Visual Studio Version 16
VisualStudioVersion = 16.0.29609.76
MinimumVisualStudioVersion = 10.0.40219.1
Project("{FAE04EC0-301F-11D3-BF4B-00C04F79EFBC}") = "Yemek_Tarifleri", "Yemek_Tarifleri\Yemek_Tarifleri.csproj", "{27DC0DB5-B38F-4FAC-8099-AB9177973AF9}"
EndProject
Global
	GlobalSection(SolutionConfigurationPlatforms) = preSolution
		Debug|Any CPU = Debug|Any CPU
		Release|Any CPU = Release|Any CPU
	EndGlobalSection
	GlobalSection(ProjectConfigurationPlatforms) = postSolution
		{27DC0DB5-B38F-4FAC-8099-AB9177973AF9}.Debug|Any CPU.ActiveCfg = Debug|Any CPU
		{27DC0DB5-B38F-4FAC-8099-AB9177973AF9}.Debug|Any CPU.Build.0 = Debug|Any CPU
		{27DC0DB5-B38F-4FAC-8099-AB9177973AF9}.Release|Any CPU.ActiveCfg = Release|Any CPU
		{27DC0DB5-B38F-4FAC-8099-AB9177973AF9}.Release|Any CPU.Build.0 = Release|Any CPU
	EndGlobalSection
	GlobalSection(SolutionProperties) = preSolution
		HideSolutionNode = FALSE
	EndGlobalSection
	GlobalSection(ExtensibilityGlobals) = postSolution
		SolutionGuid = {1A397667-D7ED-4F2A-AB7B-77F0DF255948}
	EndGlobalSection
EndGlobal
